// !$*UTF8*$!
{
	archiveVersion = 1;
	classes = {
	};
	objectVersion = 46;
	objects = {

/* Begin PBXBuildFile section */
		701EAB5E1DE62AA90014C04B /* AppDelegate.swift in Sources */ = {isa = PBXBuildFile; fileRef = 701EAB5D1DE62AA90014C04B /* AppDelegate.swift */; };
		701EAB601DE62AA90014C04B /* ViewController.swift in Sources */ = {isa = PBXBuildFile; fileRef = 701EAB5F1DE62AA90014C04B /* ViewController.swift */; };
		701EAB631DE62AA90014C04B /* Main.storyboard in Resources */ = {isa = PBXBuildFile; fileRef = 701EAB611DE62AA90014C04B /* Main.storyboard */; };
		701EAB651DE62AA90014C04B /* Assets.xcassets in Resources */ = {isa = PBXBuildFile; fileRef = 701EAB641DE62AA90014C04B /* Assets.xcassets */; };
		701EAB681DE62AA90014C04B /* LaunchScreen.storyboard in Resources */ = {isa = PBXBuildFile; fileRef = 701EAB661DE62AA90014C04B /* LaunchScreen.storyboard */; };
/* End PBXBuildFile section */

/* Begin PBXFileReference section */
		701EAB5A1DE62AA90014C04B /* TouchExplorer.app */ = {isa = PBXFileReference; explicitFileType = wrapper.application; includeInIndex = 0; path = TouchExplorer.app; sourceTree = BUILT_PRODUCTS_DIR; };
		701EAB5D1DE62AA90014C04B /* AppDelegate.swift */ = {isa = PBXFileReference; lastKnownFileType = sourcecode.swift; path = AppDelegate.swift; sourceTree = "<group>"; };
		701EAB5F1DE62AA90014C04B /* ViewController.swift */ = {isa = PBXFileReference; lastKnownFileType = sourcecode.swift; path = ViewController.swift; sourceTree = "<group>"; };
		701EAB621DE62AA90014C04B /* Base */ = {isa = PBXFileReference; lastKnownFileType = file.storyboard; name = Base; path = Base.lproj/Main.storyboard; sourceTree = "<group>"; };
		701EAB641DE62AA90014C04B /* Assets.xcassets */ = {isa = PBXFileReference; lastKnownFileType = folder.assetcatalog; path = Assets.xcassets; sourceTree = "<group>"; };
		701EAB671DE62AA90014C04B /* Base */ = {isa = PBXFileReference; lastKnownFileType = file.storyboard; name = Base; path = Base.lproj/LaunchScreen.storyboard; sourceTree = "<group>"; };
		701EAB691DE62AA90014C04B /* Info.plist */ = {isa = PBXFileReference; lastKnownFileType = text.plist.xml; path = Info.plist; sourceTree = "<group>"; };
/* End PBXFileReference section */

/* Begin PBXFrameworksBuildPhase section */
		701EAB571DE62AA90014C04B /* Frameworks */ = {
			isa = PBXFrameworksBuildPhase;
			buildActionMask = 2147483647;
			files = (
			);
			runOnlyForDeploymentPostprocessing = 0;
		};
/* End PBXFrameworksBuildPhase section */

/* Begin PBXGroup section */
		701EAB511DE62AA90014C04B = {
			isa = PBXGroup;
			children = (
				701EAB5C1DE62AA90014C04B /* TouchExplorer */,
				701EAB5B1DE62AA90014C04B /* Products */,
			);
			sourceTree = "<group>";
		};
		701EAB5B1DE62AA90014C04B /* Products */ = {
			isa = PBXGroup;
			children = (
				701EAB5A1DE62AA90014C04B /* TouchExplorer.app */,
			);
			name = Products;
			sourceTree = "<group>";
		};
		701EAB5C1DE62AA90014C04B /* TouchExplorer */ = {
			isa = PBXGroup;
			children = (
				701EAB5D1DE62AA90014C04B /* AppDelegate.swift */,
				701EAB5F1DE62AA90014C04B /* ViewController.swift */,
				701EAB611DE62AA90014C04B /* Main.storyboard */,
				701EAB641DE62AA90014C04B /* Assets.xcassets */,
				701EAB661DE62AA90014C04B /* LaunchScreen.storyboard */,
				701EAB691DE62AA90014C04B /* Info.plist */,
			);
			path = TouchExplorer;
			sourceTree = "<group>";
		};
/* End PBXGroup section */

/* Begin PBXNativeTarget section */
		701EAB591DE62AA90014C04B /* TouchExplorer */ = {
			isa = PBXNativeTarget;
			buildConfigurationList = 701EAB6C1DE62AA90014C04B /* Build configuration list for PBXNativeTarget "TouchExplorer" */;
			buildPhases = (
				701EAB561DE62AA90014C04B /* Sources */,
				701EAB571DE62AA90014C04B /* Frameworks */,
				701EAB581DE62AA90014C04B /* Resources */,
			);
			buildRules = (
			);
			dependencies = (
			);
			name = TouchExplorer;
			productName = TouchExplorer;
			productReference = 701EAB5A1DE62AA90014C04B /* TouchExplorer.app */;
			productType = "com.apple.product-type.application";
		};
/* End PBXNativeTarget section */

/* Begin PBXProject section */
		701EAB521DE62AA90014C04B /* Project object */ = {
			isa = PBXProject;
			attributes = {
				LastSwiftUpdateCheck = 0800;
				LastUpgradeCheck = 0800;
				ORGANIZATIONNAME = "TSS Checkout";
				TargetAttributes = {
					701EAB591DE62AA90014C04B = {
						CreatedOnToolsVersion = 8.0;
						ProvisioningStyle = Automatic;
					};
				};
			};
			buildConfigurationList = 701EAB551DE62AA90014C04B /* Build configuration list for PBXProject "TouchExplorer" */;
			compatibilityVersion = "Xcode 3.2";
			developmentRegion = English;
			hasScannedForEncodings = 0;
			knownRegions = (
				en,
				Base,
			);
			mainGroup = 701EAB511DE62AA90014C04B;
			productRefGroup = 701EAB5B1DE62AA90014C04B /* Products */;
			projectDirPath = "";
			projectRoot = "";
			targets = (
				701EAB591DE62AA90014C04B /* TouchExplorer */,
			);
		};
/* End PBXProject section */

/* Begin PBXResourcesBuildPhase section */
		701EAB581DE62AA90014C04B /* Resources */ = {
			isa = PBXResourcesBuildPhase;
			buildActionMask = 2147483647;
			files = (
				701EAB681DE62AA90014C04B /* LaunchScreen.storyboard in Resources */,
				701EAB651DE62AA90014C04B /* Assets.xcassets in Resources */,
				701EAB631DE62AA90014C04B /* Main.storyboard in Resources */,
			);
			runOnlyForDeploymentPostprocessing = 0;
		};
/* End PBXResourcesBuildPhase section */

/* Begin PBXSourcesBuildPhase section */
		701EAB561DE62AA90014C04B /* Sources */ = {
			isa = PBXSourcesBuildPhase;
			buildActionMask = 2147483647;
			files = (
				701EAB601DE62AA90014C04B /* ViewController.swift in Sources */,
				701EAB5E1DE62AA90014C04B /* AppDelegate.swift in Sources */,
			);
			runOnlyForDeploymentPostprocessing = 0;
		};
/* End PBXSourcesBuildPhase section */

/* Begin PBXVariantGroup section */
		701EAB611DE62AA90014C04B /* Main.storyboard */ = {
			isa = PBXVariantGroup;
			children = (
				701EAB621DE62AA90014C04B /* Base */,
			);
			name = Main.storyboard;
			sourceTree = "<group>";
		};
		701EAB661DE62AA90014C04B /* LaunchScreen.storyboard */ = {
			isa = PBXVariantGroup;
			children = (
				701EAB671DE62AA90014C04B /* Base */,
			);
			name = LaunchScreen.storyboard;
			sourceTree = "<group>";
		};
/* End PBXVariantGroup section */

/* Begin XCBuildConfiguration section */
		701EAB6A1DE62AA90014C04B /* Debug */ = {
			isa = XCBuildConfiguration;
			buildSettings = {
				ALWAYS_SEARCH_USER_PATHS = NO;
				CLANG_ANALYZER_NONNULL = YES;
				CLANG_CXX_LANGUAGE_STANDARD = "gnu++0x";
				CLANG_CXX_LIBRARY = "libc++";
				CLANG_ENABLE_MODULES = YES;
				CLANG_ENABLE_OBJC_ARC = YES;
				CLANG_WARN_BOOL_CONVERSION = YES;
				CLANG_WARN_CONSTANT_CONVERSION = YES;
				CLANG_WARN_DIRECT_OBJC_ISA_USAGE = YES_ERROR;
				CLANG_WARN_DOCUMENTATION_COMMENTS = YES;
				CLANG_WARN_EMPTY_BODY = YES;
				CLANG_WARN_ENUM_CONVERSION = YES;
				CLANG_WARN_INFINITE_RECURSION = YES;
				CLANG_WARN_INT_CONVERSION = YES;
				CLANG_WARN_OBJC_ROOT_CLASS = YES_ERROR;
				CLANG_WARN_SUSPICIOUS_MOVES = YES;
				CLANG_WARN_UNREACHABLE_CODE = YES;
				CLANG_WARN__DUPLICATE_METHOD_MATCH = YES;
				"CODE_SIGN_IDENTITY[sdk=iphoneos*]" = "iPhone Developer";
				COPY_PHASE_STRIP = NO;
				DEBUG_INFORMATION_FORMAT = dwarf;
				ENABLE_STRICT_OBJC_MSGSEND = YES;
				ENABLE_TESTABILITY = YES;
				GCC_C_LANGUAGE_STANDARD = gnu99;
				GCC_DYNAMIC_NO_PIC = NO;
				GCC_NO_COMMON_BLOCKS = YES;
				GCC_OPTIMIZATION_LEVEL = 0;
				GCC_PREPROCESSOR_DEFINITIONS = (
					"DEBUG=1",
					"$(inherited)",
				);
				GCC_WARN_64_TO_32_BIT_CONVERSION = YES;
				GCC_WARN_ABOUT_RETURN_TYPE = YES_ERROR;
				GCC_WARN_UNDECLARED_SELECTOR = YES;
				GCC_WARN_UNINITIALIZED_AUTOS = YES_AGGRESSIVE;
				GCC_WARN_UNUSED_FUNCTION = YES;
				GCC_WARN_UNUSED_VARIABLE = YES;
				IPHONEOS_DEPLOYMENT_TARGET = 10.0;
				MTL_ENABLE_DEBUG_INFO = YES;
				ONLY_ACTIVE_ARCH = YES;
				SDKROOT = iphoneos;
				SWIFT_ACTIVE_COMPILATION_CONDITIONS = DEBUG;
				SWIFT_OPTIMIZATION_LEVEL = "-Onone";
				TARGETED_DEVICE_FAMILY = "1,2";
			};
			name = Debug;
		};
		701EAB6B1DE62AA90014C04B /* Release */ = {
			isa = XCBuildConfiguration;
			buildSettings = {
				ALWAYS_SEARCH_USER_PATHS = NO;
				CLANG_ANALYZER_NONNULL = YES;
				CLANG_CXX_LANGUAGE_STANDARD = "gnu++0x";
				CLANG_CXX_LIBRARY = "libc++";
				CLANG_ENABLE_MODULES = YES;
				CLANG_ENABLE_OBJC_ARC = YES;
				CLANG_WARN_BOOL_CONVERSION = YES;
				CLANG_WARN_CONSTANT_CONVERSION = YES;
				CLANG_WARN_DIRECT_OBJC_ISA_USAGE = YES_ERROR;
				CLANG_WARN_DOCUMENTATION_COMMENTS = YES;
				CLANG_WARN_EMPTY_BODY = YES;
				CLANG_WARN_ENUM_CONVERSION = YES;
				CLANG_WARN_INFINITE_RECURSION = YES;
				CLANG_WARN_INT_CONVERSION = YES;
				CLANG_WARN_OBJC_ROOT_CLASS = YES_ERROR;
				CLANG_WARN_SUSPICIOUS_MOVES = YES;
				CLANG_WARN_UNREACHABLE_CODE = YES;
				CLANG_WARN__DUPLICATE_METHOD_MATCH = YES;
				"CODE_SIGN_IDENTITY[sdk=iphoneos*]" = "iPhone Developer";
				COPY_PHASE_STRIP = NO;
				DEBUG_INFORMATION_FORMAT = "dwarf-with-dsym";
				ENABLE_NS_ASSERTIONS = NO;
				ENABLE_STRICT_OBJC_MSGSEND = YES;
				GCC_C_LANGUAGE_STANDARD = gnu99;
				GCC_NO_COMMON_BLOCKS = YES;
				GCC_WARN_64_TO_32_BIT_CONVERSION = YES;
				GCC_WARN_ABOUT_RETURN_TYPE = YES_ERROR;
				GCC_WARN_UNDECLARED_SELECTOR = YES;
				GCC_WARN_UNINITIALIZED_AUTOS = YES_AGGRESSIVE;
				GCC_WARN_UNUSED_FUNCTION = YES;
				GCC_WARN_UNUSED_VARIABLE = YES;
				IPHONEOS_DEPLOYMENT_TARGET = 10.0;
				MTL_ENABLE_DEBUG_INFO = NO;
				SDKROOT = iphoneos;
				SWIFT_OPTIMIZATION_LEVEL = "-Owholemodule";
				TARGETED_DEVICE_FAMILY = "1,2";
				VALIDATE_PRODUCT = YES;
			};
			name = Release;
		};
		701EAB6D1DE62AA90014C04B /* Debug */ = {
			isa = XCBuildConfiguration;
			buildSettings = {
				ASSETCATALOG_COMPILER_APPICON_NAME = AppIcon;
				INFOPLIST_FILE = TouchExplorer/Info.plist;
				LD_RUNPATH_SEARCH_PATHS = "$(inherited) @executable_path/Frameworks";
				PRODUCT_BUNDLE_IDENTIFIER = edu.appstate.zangamj.TouchExplorer;
				PRODUCT_NAME = "$(TARGET_NAME)";
				SWIFT_VERSION = 3.0;
			};
			name = Debug;
		};
		701EAB6E1DE62AA90014C04B /* Release */ = {
			isa = XCBuildConfiguration;
			buildSettings = {
				ASSETCATALOG_COMPILER_APPICON_NAME = AppIcon;
				INFOPLIST_FILE = TouchExplorer/Info.plist;
				LD_RUNPATH_SEARCH_PATHS = "$(inherited) @executable_path/Frameworks";
				PRODUCT_BUNDLE_IDENTIFIER = edu.appstate.zangamj.TouchExplorer;
				PRODUCT_NAME = "$(TARGET_NAME)";
				SWIFT_VERSION = 3.0;
			};
			name = Release;
		};
/* End XCBuildConfiguration section */

/* Begin XCConfigurationList section */
		701EAB551DE62AA90014C04B /* Build configuration list for PBXProject "TouchExplorer" */ = {
			isa = XCConfigurationList;
			buildConfigurations = (
				701EAB6A1DE62AA90014C04B /* Debug */,
				701EAB6B1DE62AA90014C04B /* Release */,
			);
			defaultConfigurationIsVisible = 0;
			defaultConfigurationName = Release;
		};
		701EAB6C1DE62AA90014C04B /* Build configuration list for PBXNativeTarget "TouchExplorer" */ = {
			isa = XCConfigurationList;
			buildConfigurations = (
				701EAB6D1DE62AA90014C04B /* Debug */,
				701EAB6E1DE62AA90014C04B /* Release */,
			);
			defaultConfigurationIsVisible = 0;
		};
/* End XCConfigurationList section */
	};
	rootObject = 701EAB521DE62AA90014C04B /* Project object */;
}
