// !$*UTF8*$!
{
	archiveVersion = 1;
	classes = {
	};
	objectVersion = 46;
	objects = {

/* Begin PBXBuildFile section */
		704B0D481DE6322C006B8BB8 /* AppDelegate.swift in Sources */ = {isa = PBXBuildFile; fileRef = 704B0D471DE6322C006B8BB8 /* AppDelegate.swift */; };
		704B0D4A1DE6322C006B8BB8 /* ViewController.swift in Sources */ = {isa = PBXBuildFile; fileRef = 704B0D491DE6322C006B8BB8 /* ViewController.swift */; };
		704B0D4D1DE6322C006B8BB8 /* Main.storyboard in Resources */ = {isa = PBXBuildFile; fileRef = 704B0D4B1DE6322C006B8BB8 /* Main.storyboard */; };
		704B0D4F1DE6322C006B8BB8 /* Assets.xcassets in Resources */ = {isa = PBXBuildFile; fileRef = 704B0D4E1DE6322C006B8BB8 /* Assets.xcassets */; };
		704B0D521DE6322C006B8BB8 /* LaunchScreen.storyboard in Resources */ = {isa = PBXBuildFile; fileRef = 704B0D501DE6322C006B8BB8 /* LaunchScreen.storyboard */; };
/* End PBXBuildFile section */

/* Begin PBXFileReference section */
		704B0D441DE6322C006B8BB8 /* Swipes.app */ = {isa = PBXFileReference; explicitFileType = wrapper.application; includeInIndex = 0; path = Swipes.app; sourceTree = BUILT_PRODUCTS_DIR; };
		704B0D471DE6322C006B8BB8 /* AppDelegate.swift */ = {isa = PBXFileReference; lastKnownFileType = sourcecode.swift; path = AppDelegate.swift; sourceTree = "<group>"; };
		704B0D491DE6322C006B8BB8 /* ViewController.swift */ = {isa = PBXFileReference; lastKnownFileType = sourcecode.swift; path = ViewController.swift; sourceTree = "<group>"; };
		704B0D4C1DE6322C006B8BB8 /* Base */ = {isa = PBXFileReference; lastKnownFileType = file.storyboard; name = Base; path = Base.lproj/Main.storyboard; sourceTree = "<group>"; };
		704B0D4E1DE6322C006B8BB8 /* Assets.xcassets */ = {isa = PBXFileReference; lastKnownFileType = folder.assetcatalog; path = Assets.xcassets; sourceTree = "<group>"; };
		704B0D511DE6322C006B8BB8 /* Base */ = {isa = PBXFileReference; lastKnownFileType = file.storyboard; name = Base; path = Base.lproj/LaunchScreen.storyboard; sourceTree = "<group>"; };
		704B0D531DE6322C006B8BB8 /* Info.plist */ = {isa = PBXFileReference; lastKnownFileType = text.plist.xml; path = Info.plist; sourceTree = "<group>"; };
/* End PBXFileReference section */

/* Begin PBXFrameworksBuildPhase section */
		704B0D411DE6322C006B8BB8 /* Frameworks */ = {
			isa = PBXFrameworksBuildPhase;
			buildActionMask = 2147483647;
			files = (
			);
			runOnlyForDeploymentPostprocessing = 0;
		};
/* End PBXFrameworksBuildPhase section */

/* Begin PBXGroup section */
		704B0D3B1DE6322C006B8BB8 = {
			isa = PBXGroup;
			children = (
				704B0D461DE6322C006B8BB8 /* Swipes */,
				704B0D451DE6322C006B8BB8 /* Products */,
			);
			sourceTree = "<group>";
		};
		704B0D451DE6322C006B8BB8 /* Products */ = {
			isa = PBXGroup;
			children = (
				704B0D441DE6322C006B8BB8 /* Swipes.app */,
			);
			name = Products;
			sourceTree = "<group>";
		};
		704B0D461DE6322C006B8BB8 /* Swipes */ = {
			isa = PBXGroup;
			children = (
				704B0D471DE6322C006B8BB8 /* AppDelegate.swift */,
				704B0D491DE6322C006B8BB8 /* ViewController.swift */,
				704B0D4B1DE6322C006B8BB8 /* Main.storyboard */,
				704B0D4E1DE6322C006B8BB8 /* Assets.xcassets */,
				704B0D501DE6322C006B8BB8 /* LaunchScreen.storyboard */,
				704B0D531DE6322C006B8BB8 /* Info.plist */,
			);
			path = Swipes;
			sourceTree = "<group>";
		};
/* End PBXGroup section */

/* Begin PBXNativeTarget section */
		704B0D431DE6322C006B8BB8 /* Swipes */ = {
			isa = PBXNativeTarget;
			buildConfigurationList = 704B0D561DE6322C006B8BB8 /* Build configuration list for PBXNativeTarget "Swipes" */;
			buildPhases = (
				704B0D401DE6322C006B8BB8 /* Sources */,
				704B0D411DE6322C006B8BB8 /* Frameworks */,
				704B0D421DE6322C006B8BB8 /* Resources */,
			);
			buildRules = (
			);
			dependencies = (
			);
			name = Swipes;
			productName = Swipes;
			productReference = 704B0D441DE6322C006B8BB8 /* Swipes.app */;
			productType = "com.apple.product-type.application";
		};
/* End PBXNativeTarget section */

/* Begin PBXProject section */
		704B0D3C1DE6322C006B8BB8 /* Project object */ = {
			isa = PBXProject;
			attributes = {
				LastSwiftUpdateCheck = 0800;
				LastUpgradeCheck = 0800;
				ORGANIZATIONNAME = "TSS Checkout";
				TargetAttributes = {
					704B0D431DE6322C006B8BB8 = {
						CreatedOnToolsVersion = 8.0;
						ProvisioningStyle = Automatic;
					};
				};
			};
			buildConfigurationList = 704B0D3F1DE6322C006B8BB8 /* Build configuration list for PBXProject "Swipes" */;
			compatibilityVersion = "Xcode 3.2";
			developmentRegion = English;
			hasScannedForEncodings = 0;
			knownRegions = (
				en,
				Base,
			);
			mainGroup = 704B0D3B1DE6322C006B8BB8;
			productRefGroup = 704B0D451DE6322C006B8BB8 /* Products */;
			projectDirPath = "";
			projectRoot = "";
			targets = (
				704B0D431DE6322C006B8BB8 /* Swipes */,
			);
		};
/* End PBXProject section */

/* Begin PBXResourcesBuildPhase section */
		704B0D421DE6322C006B8BB8 /* Resources */ = {
			isa = PBXResourcesBuildPhase;
			buildActionMask = 2147483647;
			files = (
				704B0D521DE6322C006B8BB8 /* LaunchScreen.storyboard in Resources */,
				704B0D4F1DE6322C006B8BB8 /* Assets.xcassets in Resources */,
				704B0D4D1DE6322C006B8BB8 /* Main.storyboard in Resources */,
			);
			runOnlyForDeploymentPostprocessing = 0;
		};
/* End PBXResourcesBuildPhase section */

/* Begin PBXSourcesBuildPhase section */
		704B0D401DE6322C006B8BB8 /* Sources */ = {
			isa = PBXSourcesBuildPhase;
			buildActionMask = 2147483647;
			files = (
				704B0D4A1DE6322C006B8BB8 /* ViewController.swift in Sources */,
				704B0D481DE6322C006B8BB8 /* AppDelegate.swift in Sources */,
			);
			runOnlyForDeploymentPostprocessing = 0;
		};
/* End PBXSourcesBuildPhase section */

/* Begin PBXVariantGroup section */
		704B0D4B1DE6322C006B8BB8 /* Main.storyboard */ = {
			isa = PBXVariantGroup;
			children = (
				704B0D4C1DE6322C006B8BB8 /* Base */,
			);
			name = Main.storyboard;
			sourceTree = "<group>";
		};
		704B0D501DE6322C006B8BB8 /* LaunchScreen.storyboard */ = {
			isa = PBXVariantGroup;
			children = (
				704B0D511DE6322C006B8BB8 /* Base */,
			);
			name = LaunchScreen.storyboard;
			sourceTree = "<group>";
		};
/* End PBXVariantGroup section */

/* Begin XCBuildConfiguration section */
		704B0D541DE6322C006B8BB8 /* Debug */ = {
			isa = XCBuildConfiguration;
			buildSettings = {
				ALWAYS_SEARCH_USER_PATHS = NO;
				CLANG_ANALYZER_NONNULL = YES;
				CLANG_CXX_LANGUAGE_STANDARD = "gnu++0x";
				CLANG_CXX_LIBRARY = "libc++";
				CLANG_ENABLE_MODULES = YES;
				CLANG_ENABLE_OBJC_ARC = YES;
				CLANG_WARN_BOOL_CONVERSION = YES;
				CLANG_WARN_CONSTANT_CONVERSION = YES;
				CLANG_WARN_DIRECT_OBJC_ISA_USAGE = YES_ERROR;
				CLANG_WARN_DOCUMENTATION_COMMENTS = YES;
				CLANG_WARN_EMPTY_BODY = YES;
				CLANG_WARN_ENUM_CONVERSION = YES;
				CLANG_WARN_INFINITE_RECURSION = YES;
				CLANG_WARN_INT_CONVERSION = YES;
				CLANG_WARN_OBJC_ROOT_CLASS = YES_ERROR;
				CLANG_WARN_SUSPICIOUS_MOVES = YES;
				CLANG_WARN_UNREACHABLE_CODE = YES;
				CLANG_WARN__DUPLICATE_METHOD_MATCH = YES;
				"CODE_SIGN_IDENTITY[sdk=iphoneos*]" = "iPhone Developer";
				COPY_PHASE_STRIP = NO;
				DEBUG_INFORMATION_FORMAT = dwarf;
				ENABLE_STRICT_OBJC_MSGSEND = YES;
				ENABLE_TESTABILITY = YES;
				GCC_C_LANGUAGE_STANDARD = gnu99;
				GCC_DYNAMIC_NO_PIC = NO;
				GCC_NO_COMMON_BLOCKS = YES;
				GCC_OPTIMIZATION_LEVEL = 0;
				GCC_PREPROCESSOR_DEFINITIONS = (
					"DEBUG=1",
					"$(inherited)",
				);
				GCC_WARN_64_TO_32_BIT_CONVERSION = YES;
				GCC_WARN_ABOUT_RETURN_TYPE = YES_ERROR;
				GCC_WARN_UNDECLARED_SELECTOR = YES;
				GCC_WARN_UNINITIALIZED_AUTOS = YES_AGGRESSIVE;
				GCC_WARN_UNUSED_FUNCTION = YES;
				GCC_WARN_UNUSED_VARIABLE = YES;
				IPHONEOS_DEPLOYMENT_TARGET = 10.0;
				MTL_ENABLE_DEBUG_INFO = YES;
				ONLY_ACTIVE_ARCH = YES;
				SDKROOT = iphoneos;
				SWIFT_ACTIVE_COMPILATION_CONDITIONS = DEBUG;
				SWIFT_OPTIMIZATION_LEVEL = "-Onone";
				TARGETED_DEVICE_FAMILY = "1,2";
			};
			name = Debug;
		};
		704B0D551DE6322C006B8BB8 /* Release */ = {
			isa = XCBuildConfiguration;
			buildSettings = {
				ALWAYS_SEARCH_USER_PATHS = NO;
				CLANG_ANALYZER_NONNULL = YES;
				CLANG_CXX_LANGUAGE_STANDARD = "gnu++0x";
				CLANG_CXX_LIBRARY = "libc++";
				CLANG_ENABLE_MODULES = YES;
				CLANG_ENABLE_OBJC_ARC = YES;
				CLANG_WARN_BOOL_CONVERSION = YES;
				CLANG_WARN_CONSTANT_CONVERSION = YES;
				CLANG_WARN_DIRECT_OBJC_ISA_USAGE = YES_ERROR;
				CLANG_WARN_DOCUMENTATION_COMMENTS = YES;
				CLANG_WARN_EMPTY_BODY = YES;
				CLANG_WARN_ENUM_CONVERSION = YES;
				CLANG_WARN_INFINITE_RECURSION = YES;
				CLANG_WARN_INT_CONVERSION = YES;
				CLANG_WARN_OBJC_ROOT_CLASS = YES_ERROR;
				CLANG_WARN_SUSPICIOUS_MOVES = YES;
				CLANG_WARN_UNREACHABLE_CODE = YES;
				CLANG_WARN__DUPLICATE_METHOD_MATCH = YES;
				"CODE_SIGN_IDENTITY[sdk=iphoneos*]" = "iPhone Developer";
				COPY_PHASE_STRIP = NO;
				DEBUG_INFORMATION_FORMAT = "dwarf-with-dsym";
				ENABLE_NS_ASSERTIONS = NO;
				ENABLE_STRICT_OBJC_MSGSEND = YES;
				GCC_C_LANGUAGE_STANDARD = gnu99;
				GCC_NO_COMMON_BLOCKS = YES;
				GCC_WARN_64_TO_32_BIT_CONVERSION = YES;
				GCC_WARN_ABOUT_RETURN_TYPE = YES_ERROR;
				GCC_WARN_UNDECLARED_SELECTOR = YES;
				GCC_WARN_UNINITIALIZED_AUTOS = YES_AGGRESSIVE;
				GCC_WARN_UNUSED_FUNCTION = YES;
				GCC_WARN_UNUSED_VARIABLE = YES;
				IPHONEOS_DEPLOYMENT_TARGET = 10.0;
				MTL_ENABLE_DEBUG_INFO = NO;
				SDKROOT = iphoneos;
				SWIFT_OPTIMIZATION_LEVEL = "-Owholemodule";
				TARGETED_DEVICE_FAMILY = "1,2";
				VALIDATE_PRODUCT = YES;
			};
			name = Release;
		};
		704B0D571DE6322C006B8BB8 /* Debug */ = {
			isa = XCBuildConfiguration;
			buildSettings = {
				ASSETCATALOG_COMPILER_APPICON_NAME = AppIcon;
				INFOPLIST_FILE = Swipes/Info.plist;
				LD_RUNPATH_SEARCH_PATHS = "$(inherited) @executable_path/Frameworks";
				PRODUCT_BUNDLE_IDENTIFIER = edu.appstate.zangamj.Swipes;
				PRODUCT_NAME = "$(TARGET_NAME)";
				SWIFT_VERSION = 3.0;
			};
			name = Debug;
		};
		704B0D581DE6322C006B8BB8 /* Release */ = {
			isa = XCBuildConfiguration;
			buildSettings = {
				ASSETCATALOG_COMPILER_APPICON_NAME = AppIcon;
				INFOPLIST_FILE = Swipes/Info.plist;
				LD_RUNPATH_SEARCH_PATHS = "$(inherited) @executable_path/Frameworks";
				PRODUCT_BUNDLE_IDENTIFIER = edu.appstate.zangamj.Swipes;
				PRODUCT_NAME = "$(TARGET_NAME)";
				SWIFT_VERSION = 3.0;
			};
			name = Release;
		};
/* End XCBuildConfiguration section */

/* Begin XCConfigurationList section */
		704B0D3F1DE6322C006B8BB8 /* Build configuration list for PBXProject "Swipes" */ = {
			isa = XCConfigurationList;
			buildConfigurations = (
				704B0D541DE6322C006B8BB8 /* Debug */,
				704B0D551DE6322C006B8BB8 /* Release */,
			);
			defaultConfigurationIsVisible = 0;
			defaultConfigurationName = Release;
		};
		704B0D561DE6322C006B8BB8 /* Build configuration list for PBXNativeTarget "Swipes" */ = {
			isa = XCConfigurationList;
			buildConfigurations = (
				704B0D571DE6322C006B8BB8 /* Debug */,
				704B0D581DE6322C006B8BB8 /* Release */,
			);
			defaultConfigurationIsVisible = 0;
		};
/* End XCConfigurationList section */
	};
	rootObject = 704B0D3C1DE6322C006B8BB8 /* Project object */;
}
